{
  "name": "typescript-issue-51398",
  "lockfileVersion": 2,
  "requires": true,
  "packages": {
    "": {
      "dependencies": {
        "@woltlab/wcf": "https://github.com/WoltLab/WCF.git#a813abc9e076ad591ddcabdfe7d2da4146065099"
      },
      "devDependencies": {
        "typescript": "^4.7.4"
      }
    },
    "node_modules/@types/facebook-js-sdk": {
      "version": "3.3.6",
      "resolved": "https://registry.npmjs.org/@types/facebook-js-sdk/-/facebook-js-sdk-3.3.6.tgz",
      "integrity": "sha512-CxTLMVtZsgrj9Ven5Pn1vcFumCFs+CG8Jfc63xWq/8b9e6uWjGyZlMnvQk7lIVn97Zd1vpu0ZK/OFWAoap0RCw=="
    },
    "node_modules/@types/google.maps": {
      "version": "3.50.5",
      "resolved": "https://registry.npmjs.org/@types/google.maps/-/google.maps-3.50.5.tgz",
      "integrity": "sha512-RuZf1MJtctGlpW+Gd4a/eGtAufUDjMf+eyN1l+B3fbe2YLScJbg8KEljJfb+6vnSPFAeM1/48geVIEg3vqOkxw=="
    },
    "node_modules/@types/jquery": {
      "version": "3.5.14",
      "resolved": "https://registry.npmjs.org/@types/jquery/-/jquery-3.5.14.tgz",
      "integrity": "sha512-X1gtMRMbziVQkErhTQmSe2jFwwENA/Zr+PprCkF63vFq+Yt5PZ4AlKqgmeNlwgn7dhsXEK888eIW2520EpC+xg==",
      "dependencies": {
        "@types/sizzle": "*"
      }
    },
    "node_modules/@types/perfect-scrollbar": {
      "version": "0.7.0",
      "resolved": "https://registry.npmjs.org/@types/perfect-scrollbar/-/perfect-scrollbar-0.7.0.tgz",
      "integrity": "sha512-hz9JUDS872oHDuRxi1Wqa3sdqxhZ3NkQk/T/+2Pz/nsPA6Lajf54kxocRLj6Ofi99YqzlSkDI7TrRc1qtbvzYQ==",
      "dependencies": {
        "@types/jquery": "*"
      }
    },
    "node_modules/@types/pica": {
      "version": "5.1.3",
      "resolved": "https://registry.npmjs.org/@types/pica/-/pica-5.1.3.tgz",
      "integrity": "sha512-13SEyETRE5psd9bE0AmN+0M1tannde2fwHfLVaVIljkbL9V0OfFvKwCicyeDvVYLkmjQWEydbAlsDsmjrdyTOg=="
    },
    "node_modules/@types/prismjs": {
      "version": "1.26.0",
      "resolved": "https://registry.npmjs.org/@types/prismjs/-/prismjs-1.26.0.tgz",
      "integrity": "sha512-ZTaqn/qSqUuAq1YwvOFQfVW1AR/oQJlLSZVustdjwI+GZ8kr0MSHBj0tsXPW1EqHubx50gtBEjbPGsdZwQwCjQ=="
    },
    "node_modules/@types/sizzle": {
      "version": "2.3.3",
      "resolved": "https://registry.npmjs.org/@types/sizzle/-/sizzle-2.3.3.tgz",
      "integrity": "sha512-JYM8x9EGF163bEyhdJBpR2QX1R5naCJHC8ucJylJ3w9/CVBaskdQ8WqBf8MmQrd1kRvp/a4TS8HJ+bxzR7ZJYQ=="
    },
    "node_modules/@types/twitter-for-web": {
      "version": "0.0.2",
      "resolved": "https://registry.npmjs.org/@types/twitter-for-web/-/twitter-for-web-0.0.2.tgz",
      "integrity": "sha512-fDg882G9KHOkVxyJFkZ1hIOHxgj1vHLZnMJshF9W+8C2f9lzkIc/DeD1Ed2q1SWaHD/hdooaFIWTDhgL8zzpYg=="
    },
    "node_modules/@woltlab/wcf": {
      "version": "6.0.0",
      "resolved": "git+ssh://git@github.com/WoltLab/WCF.git#a813abc9e076ad591ddcabdfe7d2da4146065099",
      "integrity": "sha512-UFnySHbty4Ti0wvQ+Wq1Ucu0pNfzuHLeOd5kBTsgFPFIti6KNbXMwi1aG4hZ0UQseFa8Aw4sy9pfb2DsqIl/fQ==",
      "dependencies": {
        "@types/facebook-js-sdk": "^3.3.6",
        "@types/google.maps": "^3.50.5",
        "@types/jquery": "^3.5.14",
        "@types/perfect-scrollbar": "^0.7.0",
        "@types/pica": "^5.1.3",
        "@types/prismjs": "^1.16.6",
        "@types/twitter-for-web": "0.0.2",
        "focus-trap": "^7.1.0",
        "qr-creator": "^1.0.0",
        "reflect-metadata": "^0.1.13",
        "tabbable": "^6.0.1",
        "tslib": "^2.4.1"
      }
    },
    "node_modules/focus-trap": {
      "version": "7.1.0",
      "resolved": "https://registry.npmjs.org/focus-trap/-/focus-trap-7.1.0.tgz",
      "integrity": "sha512-CuJvwUBfJCWcU6fc4xr3UwMF5vWnox4isXAixCwrPzCsPKOQjP9T+nTlYT2t+vOmQL8MOQ16eim99XhjQHAuiQ==",
      "dependencies": {
        "tabbable": "^6.0.1"
      }
    },
    "node_modules/qr-creator": {
      "version": "1.0.0",
      "resolved": "https://registry.npmjs.org/qr-creator/-/qr-creator-1.0.0.tgz",
      "integrity": "sha512-C0cqfbS1P5hfqN4NhsYsUXePlk9BO+a45bAQ3xLYjBL3bOIFzoVEjs79Fado9u9BPBD3buHi3+vY+C8tHh4qMQ=="
    },
    "node_modules/reflect-metadata": {
      "version": "0.1.13",
      "resolved": "https://registry.npmjs.org/reflect-metadata/-/reflect-metadata-0.1.13.tgz",
      "integrity": "sha512-Ts1Y/anZELhSsjMcU605fU9RE4Oi3p5ORujwbIKXfWa+0Zxs510Qrmrce5/Jowq3cHSZSJqBjypxmHarc+vEWg=="
    },
    "node_modules/tabbable": {
      "version": "6.0.1",
      "resolved": "https://registry.npmjs.org/tabbable/-/tabbable-6.0.1.tgz",
      "integrity": "sha512-SYJSIgeyXW7EuX1ytdneO5e8jip42oHWg9xl/o3oTYhmXusZVgiA+VlPvjIN+kHii9v90AmzTZEBcsEvuAY+TA=="
    },
    "node_modules/tslib": {
      "version": "2.4.1",
      "resolved": "https://registry.npmjs.org/tslib/-/tslib-2.4.1.tgz",
      "integrity": "sha512-tGyy4dAjRIEwI7BzsB0lynWgOpfqjUdq91XXAlIWD2OwKBH7oCl/GZG/HT4BOHrTlPMOASlMQ7veyTqpmRcrNA=="
    },
    "node_modules/typescript": {
      "version": "4.9.3",
      "resolved": "https://registry.npmjs.org/typescript/-/typescript-4.9.3.tgz",
      "integrity": "sha512-CIfGzTelbKNEnLpLdGFgdyKhG23CKdKgQPOBc+OUNrkJ2vr+KSzsSV5kq5iWhEQbok+quxgGzrAtGWCyU7tHnA==",
      "dev": true,
      "bin": {
        "tsc": "bin/tsc",
        "tsserver": "bin/tsserver"
      },
      "engines": {
        "node": ">=4.2.0"
      }
    }
  },
  "dependencies": {
    "@types/facebook-js-sdk": {
      "version": "3.3.6",
      "resolved": "https://registry.npmjs.org/@types/facebook-js-sdk/-/facebook-js-sdk-3.3.6.tgz",
      "integrity": "sha512-CxTLMVtZsgrj9Ven5Pn1vcFumCFs+CG8Jfc63xWq/8b9e6uWjGyZlMnvQk7lIVn97Zd1vpu0ZK/OFWAoap0RCw=="
    },
    "@types/google.maps": {
      "version": "3.50.5",
      "resolved": "https://registry.npmjs.org/@types/google.maps/-/google.maps-3.50.5.tgz",
      "integrity": "sha512-RuZf1MJtctGlpW+Gd4a/eGtAufUDjMf+eyN1l+B3fbe2YLScJbg8KEljJfb+6vnSPFAeM1/48geVIEg3vqOkxw=="
    },
    "@types/jquery": {
      "version": "3.5.14",
      "resolved": "https://registry.npmjs.org/@types/jquery/-/jquery-3.5.14.tgz",
      "integrity": "sha512-X1gtMRMbziVQkErhTQmSe2jFwwENA/Zr+PprCkF63vFq+Yt5PZ4AlKqgmeNlwgn7dhsXEK888eIW2520EpC+xg==",
      "requires": {
        "@types/sizzle": "*"
      }
    },
    "@types/perfect-scrollbar": {
      "version": "0.7.0",
      "resolved": "https://registry.npmjs.org/@types/perfect-scrollbar/-/perfect-scrollbar-0.7.0.tgz",
      "integrity": "sha512-hz9JUDS872oHDuRxi1Wqa3sdqxhZ3NkQk/T/+2Pz/nsPA6Lajf54kxocRLj6Ofi99YqzlSkDI7TrRc1qtbvzYQ==",
      "requires": {
        "@types/jquery": "*"
      }
    },
    "@types/pica": {
      "version": "5.1.3",
      "resolved": "https://registry.npmjs.org/@types/pica/-/pica-5.1.3.tgz",
      "integrity": "sha512-13SEyETRE5psd9bE0AmN+0M1tannde2fwHfLVaVIljkbL9V0OfFvKwCicyeDvVYLkmjQWEydbAlsDsmjrdyTOg=="
    },
    "@types/prismjs": {
      "version": "1.26.0",
      "resolved": "https://registry.npmjs.org/@types/prismjs/-/prismjs-1.26.0.tgz",
      "integrity": "sha512-ZTaqn/qSqUuAq1YwvOFQfVW1AR/oQJlLSZVustdjwI+GZ8kr0MSHBj0tsXPW1EqHubx50gtBEjbPGsdZwQwCjQ=="
    },
    "@types/sizzle": {
      "version": "2.3.3",
      "resolved": "https://registry.npmjs.org/@types/sizzle/-/sizzle-2.3.3.tgz",
      "integrity": "sha512-JYM8x9EGF163bEyhdJBpR2QX1R5naCJHC8ucJylJ3w9/CVBaskdQ8WqBf8MmQrd1kRvp/a4TS8HJ+bxzR7ZJYQ=="
    },
    "@types/twitter-for-web": {
      "version": "0.0.2",
      "resolved": "https://registry.npmjs.org/@types/twitter-for-web/-/twitter-for-web-0.0.2.tgz",
      "integrity": "sha512-fDg882G9KHOkVxyJFkZ1hIOHxgj1vHLZnMJshF9W+8C2f9lzkIc/DeD1Ed2q1SWaHD/hdooaFIWTDhgL8zzpYg=="
    },
    "@woltlab/wcf": {
      "version": "git+ssh://git@github.com/WoltLab/WCF.git#a813abc9e076ad591ddcabdfe7d2da4146065099",
      "integrity": "sha512-UFnySHbty4Ti0wvQ+Wq1Ucu0pNfzuHLeOd5kBTsgFPFIti6KNbXMwi1aG4hZ0UQseFa8Aw4sy9pfb2DsqIl/fQ==",
      "from": "@woltlab/wcf@https://github.com/WoltLab/WCF.git#a813abc9e076ad591ddcabdfe7d2da4146065099",
      "requires": {
        "@types/facebook-js-sdk": "^3.3.6",
        "@types/google.maps": "^3.50.5",
        "@types/jquery": "^3.5.14",
        "@types/perfect-scrollbar": "^0.7.0",
        "@types/pica": "^5.1.3",
        "@types/prismjs": "^1.16.6",
        "@types/twitter-for-web": "0.0.2",
        "focus-trap": "^7.1.0",
        "qr-creator": "^1.0.0",
        "reflect-metadata": "^0.1.13",
        "tabbable": "^6.0.1",
        "tslib": "^2.4.1"
      }
    },
    "focus-trap": {
      "version": "7.1.0",
      "resolved": "https://registry.npmjs.org/focus-trap/-/focus-trap-7.1.0.tgz",
      "integrity": "sha512-CuJvwUBfJCWcU6fc4xr3UwMF5vWnox4isXAixCwrPzCsPKOQjP9T+nTlYT2t+vOmQL8MOQ16eim99XhjQHAuiQ==",
      "requires": {
        "tabbable": "^6.0.1"
      }
    },
    "qr-creator": {
      "version": "1.0.0",
      "resolved": "https://registry.npmjs.org/qr-creator/-/qr-creator-1.0.0.tgz",
      "integrity": "sha512-C0cqfbS1P5hfqN4NhsYsUXePlk9BO+a45bAQ3xLYjBL3bOIFzoVEjs79Fado9u9BPBD3buHi3+vY+C8tHh4qMQ=="
    },
    "reflect-metadata": {
      "version": "0.1.13",
      "resolved": "https://registry.npmjs.org/reflect-metadata/-/reflect-metadata-0.1.13.tgz",
      "integrity": "sha512-Ts1Y/anZELhSsjMcU605fU9RE4Oi3p5ORujwbIKXfWa+0Zxs510Qrmrce5/Jowq3cHSZSJqBjypxmHarc+vEWg=="
    },
    "tabbable": {
      "version": "6.0.1",
      "resolved": "https://registry.npmjs.org/tabbable/-/tabbable-6.0.1.tgz",
      "integrity": "sha512-SYJSIgeyXW7EuX1ytdneO5e8jip42oHWg9xl/o3oTYhmXusZVgiA+VlPvjIN+kHii9v90AmzTZEBcsEvuAY+TA=="
    },
    "tslib": {
      "version": "2.4.1",
      "resolved": "https://registry.npmjs.org/tslib/-/tslib-2.4.1.tgz",
      "integrity": "sha512-tGyy4dAjRIEwI7BzsB0lynWgOpfqjUdq91XXAlIWD2OwKBH7oCl/GZG/HT4BOHrTlPMOASlMQ7veyTqpmRcrNA=="
    },
    "typescript": {
      "version": "4.9.3",
      "resolved": "https://registry.npmjs.org/typescript/-/typescript-4.9.3.tgz",
      "integrity": "sha512-CIfGzTelbKNEnLpLdGFgdyKhG23CKdKgQPOBc+OUNrkJ2vr+KSzsSV5kq5iWhEQbok+quxgGzrAtGWCyU7tHnA==",
      "dev": true
    }
  }
}
